
Microsoft Visual Studio Solution File, Format Version 12.00
# Visual Studio 14
VisualStudioVersion = 14.0.25420.1
MinimumVisualStudioVersion = 10.0.40219.1
Project("{FAE04EC0-301F-11D3-BF4B-00C04F79EFBC}") = "CashDiscipline.Module", "CashDiscipline.Module\CashDiscipline.Module.csproj", "{5F15837D-D1E5-44DC-92F0-4F2EBE9C3F8D}"
EndProject
Project("{FAE04EC0-301F-11D3-BF4B-00C04F79EFBC}") = "CashDiscipline.Module.Win", "CashDiscipline.Module.Win\CashDiscipline.Module.Win.csproj", "{7964F87D-BC5D-4C4E-8B2F-71E89739AA97}"
EndProject
Project("{FAE04EC0-301F-11D3-BF4B-00C04F79EFBC}") = "CashDiscipline.Win", "CashDiscipline.Win\CashDiscipline.Win.csproj", "{D05D93DF-312D-4D4E-B980-726871EC7833}"
EndProject
Project("{2150E333-8FDC-42A3-9474-1A3956D46DE8}") = "Solution Items", "Solution Items", "{0713632F-651C-4553-831D-2A94C38F6044}"
	ProjectSection(SolutionItems) = preProject
		clean.bat = clean.bat
		README.md = README.md
	EndProjectSection
EndProject
Project("{2150E333-8FDC-42A3-9474-1A3956D46DE8}") = ".nuget", ".nuget", "{6EE2FCBA-CC83-4448-805B-B0752F44A290}"
	ProjectSection(SolutionItems) = preProject
		.nuget\packages.config = .nuget\packages.config
	EndProjectSection
EndProject
Project("{FAE04EC0-301F-11D3-BF4B-00C04F79EFBC}") = "CashDiscipline.UnitTests", "CashDiscipline.UnitTests\CashDiscipline.UnitTests.csproj", "{FB0988BD-A1B4-4CA3-A8B7-D0078CF23501}"
EndProject
Project("{FAE04EC0-301F-11D3-BF4B-00C04F79EFBC}") = "CashDiscipline.ServiceLib", "CashDiscipline.ServiceLib\CashDiscipline.ServiceLib.csproj", "{2C96F80E-1D32-4568-9B09-832D467AF72F}"
EndProject
Project("{FAE04EC0-301F-11D3-BF4B-00C04F79EFBC}") = "CashDiscipline.ServiceHost", "CashDiscipline.ServiceHost\CashDiscipline.ServiceHost.csproj", "{C8314AE3-B8C2-40D2-A8E0-3F862A7A7023}"
EndProject
Project("{FAE04EC0-301F-11D3-BF4B-00C04F79EFBC}") = "CashDiscipline.Common", "CashDiscipline.Common\CashDiscipline.Common.csproj", "{E2AC2FD6-94E0-43EA-AF1E-6597CE68BA65}"
EndProject
Project("{FAE04EC0-301F-11D3-BF4B-00C04F79EFBC}") = "CashDiscipline.Launcher", "CashDiscipline.Launcher\CashDiscipline.Launcher.csproj", "{00B21C74-6F4D-4046-9B58-A27D47D7DEE8}"
EndProject
Project("{FAE04EC0-301F-11D3-BF4B-00C04F79EFBC}") = "CashDisicpline.ScratchPad", "CashDisicpline.ScratchPad\CashDisicpline.ScratchPad.csproj", "{103B6799-FC39-48FC-A899-1FACE3EF183D}"
EndProject
Global
	GlobalSection(SolutionConfigurationPlatforms) = preSolution
		Debug|Any CPU = Debug|Any CPU
		Debug|Mixed Platforms = Debug|Mixed Platforms
		Debug|x86 = Debug|x86
		EasyTest|Any CPU = EasyTest|Any CPU
		EasyTest|Mixed Platforms = EasyTest|Mixed Platforms
		EasyTest|x86 = EasyTest|x86
		Release|Any CPU = Release|Any CPU
		Release|Mixed Platforms = Release|Mixed Platforms
		Release|x86 = Release|x86
	EndGlobalSection
	GlobalSection(ProjectConfigurationPlatforms) = postSolution
		{5F15837D-D1E5-44DC-92F0-4F2EBE9C3F8D}.Debug|Any CPU.ActiveCfg = Debug|Any CPU
		{5F15837D-D1E5-44DC-92F0-4F2EBE9C3F8D}.Debug|Any CPU.Build.0 = Debug|Any CPU
		{5F15837D-D1E5-44DC-92F0-4F2EBE9C3F8D}.Debug|Mixed Platforms.ActiveCfg = Debug|x86
		{5F15837D-D1E5-44DC-92F0-4F2EBE9C3F8D}.Debug|Mixed Platforms.Build.0 = Debug|x86
		{5F15837D-D1E5-44DC-92F0-4F2EBE9C3F8D}.Debug|x86.ActiveCfg = Debug|x86
		{5F15837D-D1E5-44DC-92F0-4F2EBE9C3F8D}.Debug|x86.Build.0 = Debug|x86
		{5F15837D-D1E5-44DC-92F0-4F2EBE9C3F8D}.EasyTest|Any CPU.ActiveCfg = EasyTest|Any CPU
		{5F15837D-D1E5-44DC-92F0-4F2EBE9C3F8D}.EasyTest|Any CPU.Build.0 = EasyTest|Any CPU
		{5F15837D-D1E5-44DC-92F0-4F2EBE9C3F8D}.EasyTest|Mixed Platforms.ActiveCfg = EasyTest|x86
		{5F15837D-D1E5-44DC-92F0-4F2EBE9C3F8D}.EasyTest|Mixed Platforms.Build.0 = EasyTest|x86
		{5F15837D-D1E5-44DC-92F0-4F2EBE9C3F8D}.EasyTest|x86.ActiveCfg = EasyTest|x86
		{5F15837D-D1E5-44DC-92F0-4F2EBE9C3F8D}.EasyTest|x86.Build.0 = EasyTest|x86
		{5F15837D-D1E5-44DC-92F0-4F2EBE9C3F8D}.Release|Any CPU.ActiveCfg = Release|Any CPU
		{5F15837D-D1E5-44DC-92F0-4F2EBE9C3F8D}.Release|Any CPU.Build.0 = Release|Any CPU
		{5F15837D-D1E5-44DC-92F0-4F2EBE9C3F8D}.Release|Mixed Platforms.ActiveCfg = Release|x86
		{5F15837D-D1E5-44DC-92F0-4F2EBE9C3F8D}.Release|Mixed Platforms.Build.0 = Release|x86
		{5F15837D-D1E5-44DC-92F0-4F2EBE9C3F8D}.Release|x86.ActiveCfg = Release|x86
		{5F15837D-D1E5-44DC-92F0-4F2EBE9C3F8D}.Release|x86.Build.0 = Release|x86
		{7964F87D-BC5D-4C4E-8B2F-71E89739AA97}.Debug|Any CPU.ActiveCfg = Debug|Any CPU
		{7964F87D-BC5D-4C4E-8B2F-71E89739AA97}.Debug|Any CPU.Build.0 = Debug|Any CPU
		{7964F87D-BC5D-4C4E-8B2F-71E89739AA97}.Debug|Mixed Platforms.ActiveCfg = Debug|x86
		{7964F87D-BC5D-4C4E-8B2F-71E89739AA97}.Debug|Mixed Platforms.Build.0 = Debug|x86
		{7964F87D-BC5D-4C4E-8B2F-71E89739AA97}.Debug|x86.ActiveCfg = Debug|x86
		{7964F87D-BC5D-4C4E-8B2F-71E89739AA97}.Debug|x86.Build.0 = Debug|x86
		{7964F87D-BC5D-4C4E-8B2F-71E89739AA97}.EasyTest|Any CPU.ActiveCfg = EasyTest|Any CPU
		{7964F87D-BC5D-4C4E-8B2F-71E89739AA97}.EasyTest|Any CPU.Build.0 = EasyTest|Any CPU
		{7964F87D-BC5D-4C4E-8B2F-71E89739AA97}.EasyTest|Mixed Platforms.ActiveCfg = EasyTest|x86
		{7964F87D-BC5D-4C4E-8B2F-71E89739AA97}.EasyTest|Mixed Platforms.Build.0 = EasyTest|x86
		{7964F87D-BC5D-4C4E-8B2F-71E89739AA97}.EasyTest|x86.ActiveCfg = EasyTest|x86
		{7964F87D-BC5D-4C4E-8B2F-71E89739AA97}.EasyTest|x86.Build.0 = EasyTest|x86
		{7964F87D-BC5D-4C4E-8B2F-71E89739AA97}.Release|Any CPU.ActiveCfg = Release|Any CPU
		{7964F87D-BC5D-4C4E-8B2F-71E89739AA97}.Release|Any CPU.Build.0 = Release|Any CPU
		{7964F87D-BC5D-4C4E-8B2F-71E89739AA97}.Release|Mixed Platforms.ActiveCfg = Release|x86
		{7964F87D-BC5D-4C4E-8B2F-71E89739AA97}.Release|Mixed Platforms.Build.0 = Release|x86
		{7964F87D-BC5D-4C4E-8B2F-71E89739AA97}.Release|x86.ActiveCfg = Release|x86
		{7964F87D-BC5D-4C4E-8B2F-71E89739AA97}.Release|x86.Build.0 = Release|x86
		{D05D93DF-312D-4D4E-B980-726871EC7833}.Debug|Any CPU.ActiveCfg = Debug|Any CPU
		{D05D93DF-312D-4D4E-B980-726871EC7833}.Debug|Any CPU.Build.0 = Debug|Any CPU
		{D05D93DF-312D-4D4E-B980-726871EC7833}.Debug|Mixed Platforms.ActiveCfg = Debug|x86
		{D05D93DF-312D-4D4E-B980-726871EC7833}.Debug|Mixed Platforms.Build.0 = Debug|x86
		{D05D93DF-312D-4D4E-B980-726871EC7833}.Debug|x86.ActiveCfg = Debug|x86
		{D05D93DF-312D-4D4E-B980-726871EC7833}.Debug|x86.Build.0 = Debug|x86
		{D05D93DF-312D-4D4E-B980-726871EC7833}.EasyTest|Any CPU.ActiveCfg = EasyTest|Any CPU
		{D05D93DF-312D-4D4E-B980-726871EC7833}.EasyTest|Any CPU.Build.0 = EasyTest|Any CPU
		{D05D93DF-312D-4D4E-B980-726871EC7833}.EasyTest|Mixed Platforms.ActiveCfg = EasyTest|x86
		{D05D93DF-312D-4D4E-B980-726871EC7833}.EasyTest|Mixed Platforms.Build.0 = EasyTest|x86
		{D05D93DF-312D-4D4E-B980-726871EC7833}.EasyTest|x86.ActiveCfg = EasyTest|x86
		{D05D93DF-312D-4D4E-B980-726871EC7833}.EasyTest|x86.Build.0 = EasyTest|x86
		{D05D93DF-312D-4D4E-B980-726871EC7833}.Release|Any CPU.ActiveCfg = Release|Any CPU
		{D05D93DF-312D-4D4E-B980-726871EC7833}.Release|Any CPU.Build.0 = Release|Any CPU
		{D05D93DF-312D-4D4E-B980-726871EC7833}.Release|Mixed Platforms.ActiveCfg = Release|x86
		{D05D93DF-312D-4D4E-B980-726871EC7833}.Release|Mixed Platforms.Build.0 = Release|x86
		{D05D93DF-312D-4D4E-B980-726871EC7833}.Release|x86.ActiveCfg = Release|x86
		{D05D93DF-312D-4D4E-B980-726871EC7833}.Release|x86.Build.0 = Release|x86
		{FB0988BD-A1B4-4CA3-A8B7-D0078CF23501}.Debug|Any CPU.ActiveCfg = Debug|Any CPU
		{FB0988BD-A1B4-4CA3-A8B7-D0078CF23501}.Debug|Any CPU.Build.0 = Debug|Any CPU
		{FB0988BD-A1B4-4CA3-A8B7-D0078CF23501}.Debug|Mixed Platforms.ActiveCfg = Debug|Any CPU
		{FB0988BD-A1B4-4CA3-A8B7-D0078CF23501}.Debug|Mixed Platforms.Build.0 = Debug|Any CPU
		{FB0988BD-A1B4-4CA3-A8B7-D0078CF23501}.Debug|x86.ActiveCfg = Debug|Any CPU
		{FB0988BD-A1B4-4CA3-A8B7-D0078CF23501}.Debug|x86.Build.0 = Debug|Any CPU
		{FB0988BD-A1B4-4CA3-A8B7-D0078CF23501}.EasyTest|Any CPU.ActiveCfg = Release|Any CPU
		{FB0988BD-A1B4-4CA3-A8B7-D0078CF23501}.EasyTest|Any CPU.Build.0 = Release|Any CPU
		{FB0988BD-A1B4-4CA3-A8B7-D0078CF23501}.EasyTest|Mixed Platforms.ActiveCfg = Release|Any CPU
		{FB0988BD-A1B4-4CA3-A8B7-D0078CF23501}.EasyTest|Mixed Platforms.Build.0 = Release|Any CPU
		{FB0988BD-A1B4-4CA3-A8B7-D0078CF23501}.EasyTest|x86.ActiveCfg = Release|Any CPU
		{FB0988BD-A1B4-4CA3-A8B7-D0078CF23501}.EasyTest|x86.Build.0 = Release|Any CPU
		{FB0988BD-A1B4-4CA3-A8B7-D0078CF23501}.Release|Any CPU.ActiveCfg = Release|Any CPU
		{FB0988BD-A1B4-4CA3-A8B7-D0078CF23501}.Release|Any CPU.Build.0 = Release|Any CPU
		{FB0988BD-A1B4-4CA3-A8B7-D0078CF23501}.Release|Mixed Platforms.ActiveCfg = Release|Any CPU
		{FB0988BD-A1B4-4CA3-A8B7-D0078CF23501}.Release|Mixed Platforms.Build.0 = Release|Any CPU
		{FB0988BD-A1B4-4CA3-A8B7-D0078CF23501}.Release|x86.ActiveCfg = Release|Any CPU
		{FB0988BD-A1B4-4CA3-A8B7-D0078CF23501}.Release|x86.Build.0 = Release|Any CPU
		{2C96F80E-1D32-4568-9B09-832D467AF72F}.Debug|Any CPU.ActiveCfg = Debug|Any CPU
		{2C96F80E-1D32-4568-9B09-832D467AF72F}.Debug|Any CPU.Build.0 = Debug|Any CPU
		{2C96F80E-1D32-4568-9B09-832D467AF72F}.Debug|Mixed Platforms.ActiveCfg = Debug|Any CPU
		{2C96F80E-1D32-4568-9B09-832D467AF72F}.Debug|Mixed Platforms.Build.0 = Debug|Any CPU
		{2C96F80E-1D32-4568-9B09-832D467AF72F}.Debug|x86.ActiveCfg = Debug|Any CPU
		{2C96F80E-1D32-4568-9B09-832D467AF72F}.Debug|x86.Build.0 = Debug|Any CPU
		{2C96F80E-1D32-4568-9B09-832D467AF72F}.EasyTest|Any CPU.ActiveCfg = Release|Any CPU
		{2C96F80E-1D32-4568-9B09-832D467AF72F}.EasyTest|Any CPU.Build.0 = Release|Any CPU
		{2C96F80E-1D32-4568-9B09-832D467AF72F}.EasyTest|Mixed Platforms.ActiveCfg = Release|Any CPU
		{2C96F80E-1D32-4568-9B09-832D467AF72F}.EasyTest|Mixed Platforms.Build.0 = Release|Any CPU
		{2C96F80E-1D32-4568-9B09-832D467AF72F}.EasyTest|x86.ActiveCfg = Release|Any CPU
		{2C96F80E-1D32-4568-9B09-832D467AF72F}.EasyTest|x86.Build.0 = Release|Any CPU
		{2C96F80E-1D32-4568-9B09-832D467AF72F}.Release|Any CPU.ActiveCfg = Release|Any CPU
		{2C96F80E-1D32-4568-9B09-832D467AF72F}.Release|Any CPU.Build.0 = Release|Any CPU
		{2C96F80E-1D32-4568-9B09-832D467AF72F}.Release|Mixed Platforms.ActiveCfg = Release|Any CPU
		{2C96F80E-1D32-4568-9B09-832D467AF72F}.Release|Mixed Platforms.Build.0 = Release|Any CPU
		{2C96F80E-1D32-4568-9B09-832D467AF72F}.Release|x86.ActiveCfg = Release|Any CPU
		{2C96F80E-1D32-4568-9B09-832D467AF72F}.Release|x86.Build.0 = Release|Any CPU
		{C8314AE3-B8C2-40D2-A8E0-3F862A7A7023}.Debug|Any CPU.ActiveCfg = Debug|Any CPU
		{C8314AE3-B8C2-40D2-A8E0-3F862A7A7023}.Debug|Any CPU.Build.0 = Debug|Any CPU
		{C8314AE3-B8C2-40D2-A8E0-3F862A7A7023}.Debug|Mixed Platforms.ActiveCfg = Debug|Any CPU
		{C8314AE3-B8C2-40D2-A8E0-3F862A7A7023}.Debug|Mixed Platforms.Build.0 = Debug|Any CPU
		{C8314AE3-B8C2-40D2-A8E0-3F862A7A7023}.Debug|x86.ActiveCfg = Debug|Any CPU
		{C8314AE3-B8C2-40D2-A8E0-3F862A7A7023}.Debug|x86.Build.0 = Debug|Any CPU
		{C8314AE3-B8C2-40D2-A8E0-3F862A7A7023}.EasyTest|Any CPU.ActiveCfg = Release|Any CPU
		{C8314AE3-B8C2-40D2-A8E0-3F862A7A7023}.EasyTest|Any CPU.Build.0 = Release|Any CPU
		{C8314AE3-B8C2-40D2-A8E0-3F862A7A7023}.EasyTest|Mixed Platforms.ActiveCfg = Release|Any CPU
		{C8314AE3-B8C2-40D2-A8E0-3F862A7A7023}.EasyTest|Mixed Platforms.Build.0 = Release|Any CPU
		{C8314AE3-B8C2-40D2-A8E0-3F862A7A7023}.EasyTest|x86.ActiveCfg = Release|Any CPU
		{C8314AE3-B8C2-40D2-A8E0-3F862A7A7023}.EasyTest|x86.Build.0 = Release|Any CPU
		{C8314AE3-B8C2-40D2-A8E0-3F862A7A7023}.Release|Any CPU.ActiveCfg = Release|Any CPU
		{C8314AE3-B8C2-40D2-A8E0-3F862A7A7023}.Release|Any CPU.Build.0 = Release|Any CPU
		{C8314AE3-B8C2-40D2-A8E0-3F862A7A7023}.Release|Mixed Platforms.ActiveCfg = Release|Any CPU
		{C8314AE3-B8C2-40D2-A8E0-3F862A7A7023}.Release|Mixed Platforms.Build.0 = Release|Any CPU
		{C8314AE3-B8C2-40D2-A8E0-3F862A7A7023}.Release|x86.ActiveCfg = Release|Any CPU
		{C8314AE3-B8C2-40D2-A8E0-3F862A7A7023}.Release|x86.Build.0 = Release|Any CPU
		{E2AC2FD6-94E0-43EA-AF1E-6597CE68BA65}.Debug|Any CPU.ActiveCfg = Debug|Any CPU
		{E2AC2FD6-94E0-43EA-AF1E-6597CE68BA65}.Debug|Any CPU.Build.0 = Debug|Any CPU
		{E2AC2FD6-94E0-43EA-AF1E-6597CE68BA65}.Debug|Mixed Platforms.ActiveCfg = Debug|Any CPU
		{E2AC2FD6-94E0-43EA-AF1E-6597CE68BA65}.Debug|Mixed Platforms.Build.0 = Debug|Any CPU
		{E2AC2FD6-94E0-43EA-AF1E-6597CE68BA65}.Debug|x86.ActiveCfg = Debug|Any CPU
		{E2AC2FD6-94E0-43EA-AF1E-6597CE68BA65}.Debug|x86.Build.0 = Debug|Any CPU
		{E2AC2FD6-94E0-43EA-AF1E-6597CE68BA65}.EasyTest|Any CPU.ActiveCfg = Release|Any CPU
		{E2AC2FD6-94E0-43EA-AF1E-6597CE68BA65}.EasyTest|Any CPU.Build.0 = Release|Any CPU
		{E2AC2FD6-94E0-43EA-AF1E-6597CE68BA65}.EasyTest|Mixed Platforms.ActiveCfg = Release|Any CPU
		{E2AC2FD6-94E0-43EA-AF1E-6597CE68BA65}.EasyTest|Mixed Platforms.Build.0 = Release|Any CPU
		{E2AC2FD6-94E0-43EA-AF1E-6597CE68BA65}.EasyTest|x86.ActiveCfg = Release|Any CPU
		{E2AC2FD6-94E0-43EA-AF1E-6597CE68BA65}.EasyTest|x86.Build.0 = Release|Any CPU
		{E2AC2FD6-94E0-43EA-AF1E-6597CE68BA65}.Release|Any CPU.ActiveCfg = Release|Any CPU
		{E2AC2FD6-94E0-43EA-AF1E-6597CE68BA65}.Release|Any CPU.Build.0 = Release|Any CPU
		{E2AC2FD6-94E0-43EA-AF1E-6597CE68BA65}.Release|Mixed Platforms.ActiveCfg = Release|Any CPU
		{E2AC2FD6-94E0-43EA-AF1E-6597CE68BA65}.Release|Mixed Platforms.Build.0 = Release|Any CPU
		{E2AC2FD6-94E0-43EA-AF1E-6597CE68BA65}.Release|x86.ActiveCfg = Release|Any CPU
		{E2AC2FD6-94E0-43EA-AF1E-6597CE68BA65}.Release|x86.Build.0 = Release|Any CPU
		{00B21C74-6F4D-4046-9B58-A27D47D7DEE8}.Debug|Any CPU.ActiveCfg = Debug|Any CPU
		{00B21C74-6F4D-4046-9B58-A27D47D7DEE8}.Debug|Any CPU.Build.0 = Debug|Any CPU
		{00B21C74-6F4D-4046-9B58-A27D47D7DEE8}.Debug|Mixed Platforms.ActiveCfg = Debug|Any CPU
		{00B21C74-6F4D-4046-9B58-A27D47D7DEE8}.Debug|Mixed Platforms.Build.0 = Debug|Any CPU
		{00B21C74-6F4D-4046-9B58-A27D47D7DEE8}.Debug|x86.ActiveCfg = Debug|Any CPU
		{00B21C74-6F4D-4046-9B58-A27D47D7DEE8}.Debug|x86.Build.0 = Debug|Any CPU
		{00B21C74-6F4D-4046-9B58-A27D47D7DEE8}.EasyTest|Any CPU.ActiveCfg = Release|Any CPU
		{00B21C74-6F4D-4046-9B58-A27D47D7DEE8}.EasyTest|Any CPU.Build.0 = Release|Any CPU
		{00B21C74-6F4D-4046-9B58-A27D47D7DEE8}.EasyTest|Mixed Platforms.ActiveCfg = Release|Any CPU
		{00B21C74-6F4D-4046-9B58-A27D47D7DEE8}.EasyTest|Mixed Platforms.Build.0 = Release|Any CPU
		{00B21C74-6F4D-4046-9B58-A27D47D7DEE8}.EasyTest|x86.ActiveCfg = Release|Any CPU
		{00B21C74-6F4D-4046-9B58-A27D47D7DEE8}.EasyTest|x86.Build.0 = Release|Any CPU
		{00B21C74-6F4D-4046-9B58-A27D47D7DEE8}.Release|Any CPU.ActiveCfg = Release|Any CPU
		{00B21C74-6F4D-4046-9B58-A27D47D7DEE8}.Release|Any CPU.Build.0 = Release|Any CPU
		{00B21C74-6F4D-4046-9B58-A27D47D7DEE8}.Release|Mixed Platforms.ActiveCfg = Release|Any CPU
		{00B21C74-6F4D-4046-9B58-A27D47D7DEE8}.Release|Mixed Platforms.Build.0 = Release|Any CPU
		{00B21C74-6F4D-4046-9B58-A27D47D7DEE8}.Release|x86.ActiveCfg = Release|Any CPU
		{00B21C74-6F4D-4046-9B58-A27D47D7DEE8}.Release|x86.Build.0 = Release|Any CPU
		{103B6799-FC39-48FC-A899-1FACE3EF183D}.Debug|Any CPU.ActiveCfg = Debug|Any CPU
		{103B6799-FC39-48FC-A899-1FACE3EF183D}.Debug|Any CPU.Build.0 = Debug|Any CPU
		{103B6799-FC39-48FC-A899-1FACE3EF183D}.Debug|Mixed Platforms.ActiveCfg = Debug|Any CPU
		{103B6799-FC39-48FC-A899-1FACE3EF183D}.Debug|Mixed Platforms.Build.0 = Debug|Any CPU
		{103B6799-FC39-48FC-A899-1FACE3EF183D}.Debug|x86.ActiveCfg = Debug|Any CPU
		{103B6799-FC39-48FC-A899-1FACE3EF183D}.Debug|x86.Build.0 = Debug|Any CPU
		{103B6799-FC39-48FC-A899-1FACE3EF183D}.EasyTest|Any CPU.ActiveCfg = Release|Any CPU
		{103B6799-FC39-48FC-A899-1FACE3EF183D}.EasyTest|Any CPU.Build.0 = Release|Any CPU
		{103B6799-FC39-48FC-A899-1FACE3EF183D}.EasyTest|Mixed Platforms.ActiveCfg = Release|Any CPU
		{103B6799-FC39-48FC-A899-1FACE3EF183D}.EasyTest|Mixed Platforms.Build.0 = Release|Any CPU
		{103B6799-FC39-48FC-A899-1FACE3EF183D}.EasyTest|x86.ActiveCfg = Release|Any CPU
		{103B6799-FC39-48FC-A899-1FACE3EF183D}.EasyTest|x86.Build.0 = Release|Any CPU
		{103B6799-FC39-48FC-A899-1FACE3EF183D}.Release|Any CPU.ActiveCfg = Release|Any CPU
		{103B6799-FC39-48FC-A899-1FACE3EF183D}.Release|Any CPU.Build.0 = Release|Any CPU
		{103B6799-FC39-48FC-A899-1FACE3EF183D}.Release|Mixed Platforms.ActiveCfg = Release|Any CPU
		{103B6799-FC39-48FC-A899-1FACE3EF183D}.Release|Mixed Platforms.Build.0 = Release|Any CPU
		{103B6799-FC39-48FC-A899-1FACE3EF183D}.Release|x86.ActiveCfg = Release|Any CPU
		{103B6799-FC39-48FC-A899-1FACE3EF183D}.Release|x86.Build.0 = Release|Any CPU
	EndGlobalSection
	GlobalSection(SolutionProperties) = preSolution
		HideSolutionNode = FALSE
	EndGlobalSection
EndGlobal
