
Microsoft Visual Studio Solution File, Format Version 12.00
# Visual Studio 2013
VisualStudioVersion = 12.0.30501.0
MinimumVisualStudioVersion = 10.0.40219.1
Project("{FAE04EC0-301F-11D3-BF4B-00C04F79EFBC}") = "CTMS.Module", "CTMS.Module\CTMS.Module.csproj", "{5F15837D-D1E5-44DC-92F0-4F2EBE9C3F8D}"
EndProject
Project("{FAE04EC0-301F-11D3-BF4B-00C04F79EFBC}") = "CTMS.Module.Web", "CTMS.Module.Web\CTMS.Module.Web.csproj", "{0C729AAD-7626-4668-A7F1-35F7D240489D}"
EndProject
Project("{FAE04EC0-301F-11D3-BF4B-00C04F79EFBC}") = "CTMS.Module.Win", "CTMS.Module.Win\CTMS.Module.Win.csproj", "{7964F87D-BC5D-4C4E-8B2F-71E89739AA97}"
EndProject
Project("{FAE04EC0-301F-11D3-BF4B-00C04F79EFBC}") = "CTMS.Win", "CTMS.Win\CTMS.Win.csproj", "{D05D93DF-312D-4D4E-B980-726871EC7833}"
EndProject
Project("{FAE04EC0-301F-11D3-BF4B-00C04F79EFBC}") = "GenerateUserFriendlyId.Module", "GenerateUserFriendlyId.Module\GenerateUserFriendlyId.Module.csproj", "{484A8217-DD6B-4E8F-B47E-F1F64D03BBB6}"
EndProject
Project("{FAE04EC0-301F-11D3-BF4B-00C04F79EFBC}") = "CTMS.Web", "CTMS.Web\CTMS.Web.csproj", "{82A6DBC9-B1B4-44E4-9718-55DF930CD349}"
EndProject
Project("{FAE04EC0-301F-11D3-BF4B-00C04F79EFBC}") = "D2NXAF.ExpressApp.PivotGrid.Win", "D2NXAF.ExpressApp.PivotGrid.Win\D2NXAF.ExpressApp.PivotGrid.Win.csproj", "{7F289837-77A8-471C-9A42-F48F39B0A27D}"
EndProject
Project("{FAE04EC0-301F-11D3-BF4B-00C04F79EFBC}") = "D2NXAF.ExpressApp.PivotGrid.Web", "D2NXAF.ExpressApp.PivotGrid.Web\D2NXAF.ExpressApp.PivotGrid.Web.csproj", "{1CE44561-0989-454F-B5CA-847E2EEFDE7C}"
EndProject
Project("{FAE04EC0-301F-11D3-BF4B-00C04F79EFBC}") = "D2NXAF.ExpressApp", "D2NXAF.ExpressApp\D2NXAF.ExpressApp.csproj", "{96B07E0F-DCF1-41F7-BBA4-6C8D959E1F8A}"
EndProject
Project("{2150E333-8FDC-42A3-9474-1A3956D46DE8}") = "Lib", "Lib", "{888D2F64-B0D1-4FDA-9FF7-73409758818A}"
	ProjectSection(SolutionItems) = preProject
		Lib\EPPlus.dll = Lib\EPPlus.dll
		Lib\LumenWorks.Framework.IO.dll = Lib\LumenWorks.Framework.IO.dll
		Lib\MultiKeyDictionary.dll = Lib\MultiKeyDictionary.dll
		Lib\ParserUtils.dll = Lib\ParserUtils.dll
	EndProjectSection
EndProject
Project("{2150E333-8FDC-42A3-9474-1A3956D46DE8}") = "Solution Items", "Solution Items", "{0713632F-651C-4553-831D-2A94C38F6044}"
	ProjectSection(SolutionItems) = preProject
		clean.bat = clean.bat
	EndProjectSection
EndProject
Project("{FAE04EC0-301F-11D3-BF4B-00C04F79EFBC}") = "D2NXAF.ExpressApp.PivotGrid", "D2NXAF.ExpressApp.PivotGrid\D2NXAF.ExpressApp.PivotGrid.csproj", "{B5C18C13-85C7-4749-9F2D-EF92D3692AD3}"
EndProject
Project("{FAE04EC0-301F-11D3-BF4B-00C04F79EFBC}") = "CTMS.UnitTests", "CTMS.UnitTests\CTMS.UnitTests.csproj", "{C36BDE28-0653-4082-93FB-016F739DD23C}"
EndProject
Project("{FAE04EC0-301F-11D3-BF4B-00C04F79EFBC}") = "WebTester", "WebTester\WebTester.csproj", "{4990AC44-3204-4C5A-A297-9AE0390E6EF8}"
EndProject
Global
	GlobalSection(SolutionConfigurationPlatforms) = preSolution
		Debug|Any CPU = Debug|Any CPU
		Debug|Mixed Platforms = Debug|Mixed Platforms
		Debug|x86 = Debug|x86
		EasyTest|Any CPU = EasyTest|Any CPU
		EasyTest|Mixed Platforms = EasyTest|Mixed Platforms
		EasyTest|x86 = EasyTest|x86
		Release|Any CPU = Release|Any CPU
		Release|Mixed Platforms = Release|Mixed Platforms
		Release|x86 = Release|x86
	EndGlobalSection
	GlobalSection(ProjectConfigurationPlatforms) = postSolution
		{5F15837D-D1E5-44DC-92F0-4F2EBE9C3F8D}.Debug|Any CPU.ActiveCfg = Debug|Any CPU
		{5F15837D-D1E5-44DC-92F0-4F2EBE9C3F8D}.Debug|Any CPU.Build.0 = Debug|Any CPU
		{5F15837D-D1E5-44DC-92F0-4F2EBE9C3F8D}.Debug|Mixed Platforms.ActiveCfg = Debug|x86
		{5F15837D-D1E5-44DC-92F0-4F2EBE9C3F8D}.Debug|Mixed Platforms.Build.0 = Debug|x86
		{5F15837D-D1E5-44DC-92F0-4F2EBE9C3F8D}.Debug|x86.ActiveCfg = Debug|x86
		{5F15837D-D1E5-44DC-92F0-4F2EBE9C3F8D}.Debug|x86.Build.0 = Debug|x86
		{5F15837D-D1E5-44DC-92F0-4F2EBE9C3F8D}.EasyTest|Any CPU.ActiveCfg = EasyTest|Any CPU
		{5F15837D-D1E5-44DC-92F0-4F2EBE9C3F8D}.EasyTest|Any CPU.Build.0 = EasyTest|Any CPU
		{5F15837D-D1E5-44DC-92F0-4F2EBE9C3F8D}.EasyTest|Mixed Platforms.ActiveCfg = EasyTest|x86
		{5F15837D-D1E5-44DC-92F0-4F2EBE9C3F8D}.EasyTest|Mixed Platforms.Build.0 = EasyTest|x86
		{5F15837D-D1E5-44DC-92F0-4F2EBE9C3F8D}.EasyTest|x86.ActiveCfg = EasyTest|x86
		{5F15837D-D1E5-44DC-92F0-4F2EBE9C3F8D}.EasyTest|x86.Build.0 = EasyTest|x86
		{5F15837D-D1E5-44DC-92F0-4F2EBE9C3F8D}.Release|Any CPU.ActiveCfg = Release|Any CPU
		{5F15837D-D1E5-44DC-92F0-4F2EBE9C3F8D}.Release|Any CPU.Build.0 = Release|Any CPU
		{5F15837D-D1E5-44DC-92F0-4F2EBE9C3F8D}.Release|Mixed Platforms.ActiveCfg = Release|x86
		{5F15837D-D1E5-44DC-92F0-4F2EBE9C3F8D}.Release|Mixed Platforms.Build.0 = Release|x86
		{5F15837D-D1E5-44DC-92F0-4F2EBE9C3F8D}.Release|x86.ActiveCfg = Release|x86
		{5F15837D-D1E5-44DC-92F0-4F2EBE9C3F8D}.Release|x86.Build.0 = Release|x86
		{0C729AAD-7626-4668-A7F1-35F7D240489D}.Debug|Any CPU.ActiveCfg = Debug|Any CPU
		{0C729AAD-7626-4668-A7F1-35F7D240489D}.Debug|Any CPU.Build.0 = Debug|Any CPU
		{0C729AAD-7626-4668-A7F1-35F7D240489D}.Debug|Mixed Platforms.ActiveCfg = Debug|x86
		{0C729AAD-7626-4668-A7F1-35F7D240489D}.Debug|Mixed Platforms.Build.0 = Debug|x86
		{0C729AAD-7626-4668-A7F1-35F7D240489D}.Debug|x86.ActiveCfg = Debug|x86
		{0C729AAD-7626-4668-A7F1-35F7D240489D}.Debug|x86.Build.0 = Debug|x86
		{0C729AAD-7626-4668-A7F1-35F7D240489D}.EasyTest|Any CPU.ActiveCfg = EasyTest|Any CPU
		{0C729AAD-7626-4668-A7F1-35F7D240489D}.EasyTest|Any CPU.Build.0 = EasyTest|Any CPU
		{0C729AAD-7626-4668-A7F1-35F7D240489D}.EasyTest|Mixed Platforms.ActiveCfg = EasyTest|x86
		{0C729AAD-7626-4668-A7F1-35F7D240489D}.EasyTest|Mixed Platforms.Build.0 = EasyTest|x86
		{0C729AAD-7626-4668-A7F1-35F7D240489D}.EasyTest|x86.ActiveCfg = EasyTest|x86
		{0C729AAD-7626-4668-A7F1-35F7D240489D}.EasyTest|x86.Build.0 = EasyTest|x86
		{0C729AAD-7626-4668-A7F1-35F7D240489D}.Release|Any CPU.ActiveCfg = Release|Any CPU
		{0C729AAD-7626-4668-A7F1-35F7D240489D}.Release|Any CPU.Build.0 = Release|Any CPU
		{0C729AAD-7626-4668-A7F1-35F7D240489D}.Release|Mixed Platforms.ActiveCfg = Release|x86
		{0C729AAD-7626-4668-A7F1-35F7D240489D}.Release|Mixed Platforms.Build.0 = Release|x86
		{0C729AAD-7626-4668-A7F1-35F7D240489D}.Release|x86.ActiveCfg = Release|x86
		{0C729AAD-7626-4668-A7F1-35F7D240489D}.Release|x86.Build.0 = Release|x86
		{7964F87D-BC5D-4C4E-8B2F-71E89739AA97}.Debug|Any CPU.ActiveCfg = Debug|Any CPU
		{7964F87D-BC5D-4C4E-8B2F-71E89739AA97}.Debug|Any CPU.Build.0 = Debug|Any CPU
		{7964F87D-BC5D-4C4E-8B2F-71E89739AA97}.Debug|Mixed Platforms.ActiveCfg = Debug|x86
		{7964F87D-BC5D-4C4E-8B2F-71E89739AA97}.Debug|Mixed Platforms.Build.0 = Debug|x86
		{7964F87D-BC5D-4C4E-8B2F-71E89739AA97}.Debug|x86.ActiveCfg = Debug|x86
		{7964F87D-BC5D-4C4E-8B2F-71E89739AA97}.Debug|x86.Build.0 = Debug|x86
		{7964F87D-BC5D-4C4E-8B2F-71E89739AA97}.EasyTest|Any CPU.ActiveCfg = EasyTest|Any CPU
		{7964F87D-BC5D-4C4E-8B2F-71E89739AA97}.EasyTest|Any CPU.Build.0 = EasyTest|Any CPU
		{7964F87D-BC5D-4C4E-8B2F-71E89739AA97}.EasyTest|Mixed Platforms.ActiveCfg = EasyTest|x86
		{7964F87D-BC5D-4C4E-8B2F-71E89739AA97}.EasyTest|Mixed Platforms.Build.0 = EasyTest|x86
		{7964F87D-BC5D-4C4E-8B2F-71E89739AA97}.EasyTest|x86.ActiveCfg = EasyTest|x86
		{7964F87D-BC5D-4C4E-8B2F-71E89739AA97}.EasyTest|x86.Build.0 = EasyTest|x86
		{7964F87D-BC5D-4C4E-8B2F-71E89739AA97}.Release|Any CPU.ActiveCfg = Release|Any CPU
		{7964F87D-BC5D-4C4E-8B2F-71E89739AA97}.Release|Any CPU.Build.0 = Release|Any CPU
		{7964F87D-BC5D-4C4E-8B2F-71E89739AA97}.Release|Mixed Platforms.ActiveCfg = Release|x86
		{7964F87D-BC5D-4C4E-8B2F-71E89739AA97}.Release|Mixed Platforms.Build.0 = Release|x86
		{7964F87D-BC5D-4C4E-8B2F-71E89739AA97}.Release|x86.ActiveCfg = Release|x86
		{7964F87D-BC5D-4C4E-8B2F-71E89739AA97}.Release|x86.Build.0 = Release|x86
		{D05D93DF-312D-4D4E-B980-726871EC7833}.Debug|Any CPU.ActiveCfg = Debug|Any CPU
		{D05D93DF-312D-4D4E-B980-726871EC7833}.Debug|Any CPU.Build.0 = Debug|Any CPU
		{D05D93DF-312D-4D4E-B980-726871EC7833}.Debug|Mixed Platforms.ActiveCfg = Debug|x86
		{D05D93DF-312D-4D4E-B980-726871EC7833}.Debug|Mixed Platforms.Build.0 = Debug|x86
		{D05D93DF-312D-4D4E-B980-726871EC7833}.Debug|x86.ActiveCfg = Debug|x86
		{D05D93DF-312D-4D4E-B980-726871EC7833}.Debug|x86.Build.0 = Debug|x86
		{D05D93DF-312D-4D4E-B980-726871EC7833}.EasyTest|Any CPU.ActiveCfg = EasyTest|Any CPU
		{D05D93DF-312D-4D4E-B980-726871EC7833}.EasyTest|Any CPU.Build.0 = EasyTest|Any CPU
		{D05D93DF-312D-4D4E-B980-726871EC7833}.EasyTest|Mixed Platforms.ActiveCfg = EasyTest|x86
		{D05D93DF-312D-4D4E-B980-726871EC7833}.EasyTest|Mixed Platforms.Build.0 = EasyTest|x86
		{D05D93DF-312D-4D4E-B980-726871EC7833}.EasyTest|x86.ActiveCfg = EasyTest|x86
		{D05D93DF-312D-4D4E-B980-726871EC7833}.EasyTest|x86.Build.0 = EasyTest|x86
		{D05D93DF-312D-4D4E-B980-726871EC7833}.Release|Any CPU.ActiveCfg = Release|Any CPU
		{D05D93DF-312D-4D4E-B980-726871EC7833}.Release|Any CPU.Build.0 = Release|Any CPU
		{D05D93DF-312D-4D4E-B980-726871EC7833}.Release|Mixed Platforms.ActiveCfg = Release|x86
		{D05D93DF-312D-4D4E-B980-726871EC7833}.Release|Mixed Platforms.Build.0 = Release|x86
		{D05D93DF-312D-4D4E-B980-726871EC7833}.Release|x86.ActiveCfg = Release|x86
		{D05D93DF-312D-4D4E-B980-726871EC7833}.Release|x86.Build.0 = Release|x86
		{484A8217-DD6B-4E8F-B47E-F1F64D03BBB6}.Debug|Any CPU.ActiveCfg = Debug|Any CPU
		{484A8217-DD6B-4E8F-B47E-F1F64D03BBB6}.Debug|Any CPU.Build.0 = Debug|Any CPU
		{484A8217-DD6B-4E8F-B47E-F1F64D03BBB6}.Debug|Mixed Platforms.ActiveCfg = Debug|x86
		{484A8217-DD6B-4E8F-B47E-F1F64D03BBB6}.Debug|Mixed Platforms.Build.0 = Debug|x86
		{484A8217-DD6B-4E8F-B47E-F1F64D03BBB6}.Debug|x86.ActiveCfg = Debug|x86
		{484A8217-DD6B-4E8F-B47E-F1F64D03BBB6}.Debug|x86.Build.0 = Debug|x86
		{484A8217-DD6B-4E8F-B47E-F1F64D03BBB6}.EasyTest|Any CPU.ActiveCfg = EasyTest|Any CPU
		{484A8217-DD6B-4E8F-B47E-F1F64D03BBB6}.EasyTest|Any CPU.Build.0 = EasyTest|Any CPU
		{484A8217-DD6B-4E8F-B47E-F1F64D03BBB6}.EasyTest|Mixed Platforms.ActiveCfg = EasyTest|x86
		{484A8217-DD6B-4E8F-B47E-F1F64D03BBB6}.EasyTest|Mixed Platforms.Build.0 = EasyTest|x86
		{484A8217-DD6B-4E8F-B47E-F1F64D03BBB6}.EasyTest|x86.ActiveCfg = EasyTest|x86
		{484A8217-DD6B-4E8F-B47E-F1F64D03BBB6}.EasyTest|x86.Build.0 = EasyTest|x86
		{484A8217-DD6B-4E8F-B47E-F1F64D03BBB6}.Release|Any CPU.ActiveCfg = Release|Any CPU
		{484A8217-DD6B-4E8F-B47E-F1F64D03BBB6}.Release|Any CPU.Build.0 = Release|Any CPU
		{484A8217-DD6B-4E8F-B47E-F1F64D03BBB6}.Release|Mixed Platforms.ActiveCfg = Release|x86
		{484A8217-DD6B-4E8F-B47E-F1F64D03BBB6}.Release|Mixed Platforms.Build.0 = Release|x86
		{484A8217-DD6B-4E8F-B47E-F1F64D03BBB6}.Release|x86.ActiveCfg = Release|x86
		{484A8217-DD6B-4E8F-B47E-F1F64D03BBB6}.Release|x86.Build.0 = Release|x86
		{82A6DBC9-B1B4-44E4-9718-55DF930CD349}.Debug|Any CPU.ActiveCfg = Debug|Any CPU
		{82A6DBC9-B1B4-44E4-9718-55DF930CD349}.Debug|Any CPU.Build.0 = Debug|Any CPU
		{82A6DBC9-B1B4-44E4-9718-55DF930CD349}.Debug|Mixed Platforms.ActiveCfg = Debug|x86
		{82A6DBC9-B1B4-44E4-9718-55DF930CD349}.Debug|Mixed Platforms.Build.0 = Debug|x86
		{82A6DBC9-B1B4-44E4-9718-55DF930CD349}.Debug|x86.ActiveCfg = Debug|x86
		{82A6DBC9-B1B4-44E4-9718-55DF930CD349}.Debug|x86.Build.0 = Debug|x86
		{82A6DBC9-B1B4-44E4-9718-55DF930CD349}.EasyTest|Any CPU.ActiveCfg = EasyTest|Any CPU
		{82A6DBC9-B1B4-44E4-9718-55DF930CD349}.EasyTest|Any CPU.Build.0 = EasyTest|Any CPU
		{82A6DBC9-B1B4-44E4-9718-55DF930CD349}.EasyTest|Mixed Platforms.ActiveCfg = EasyTest|x86
		{82A6DBC9-B1B4-44E4-9718-55DF930CD349}.EasyTest|Mixed Platforms.Build.0 = EasyTest|x86
		{82A6DBC9-B1B4-44E4-9718-55DF930CD349}.EasyTest|x86.ActiveCfg = EasyTest|x86
		{82A6DBC9-B1B4-44E4-9718-55DF930CD349}.EasyTest|x86.Build.0 = EasyTest|x86
		{82A6DBC9-B1B4-44E4-9718-55DF930CD349}.Release|Any CPU.ActiveCfg = Release|Any CPU
		{82A6DBC9-B1B4-44E4-9718-55DF930CD349}.Release|Any CPU.Build.0 = Release|Any CPU
		{82A6DBC9-B1B4-44E4-9718-55DF930CD349}.Release|Mixed Platforms.ActiveCfg = Release|x86
		{82A6DBC9-B1B4-44E4-9718-55DF930CD349}.Release|Mixed Platforms.Build.0 = Release|x86
		{82A6DBC9-B1B4-44E4-9718-55DF930CD349}.Release|x86.ActiveCfg = Release|x86
		{82A6DBC9-B1B4-44E4-9718-55DF930CD349}.Release|x86.Build.0 = Release|x86
		{7F289837-77A8-471C-9A42-F48F39B0A27D}.Debug|Any CPU.ActiveCfg = Debug|Any CPU
		{7F289837-77A8-471C-9A42-F48F39B0A27D}.Debug|Any CPU.Build.0 = Debug|Any CPU
		{7F289837-77A8-471C-9A42-F48F39B0A27D}.Debug|Mixed Platforms.ActiveCfg = Debug|Any CPU
		{7F289837-77A8-471C-9A42-F48F39B0A27D}.Debug|Mixed Platforms.Build.0 = Debug|Any CPU
		{7F289837-77A8-471C-9A42-F48F39B0A27D}.Debug|x86.ActiveCfg = Debug|x86
		{7F289837-77A8-471C-9A42-F48F39B0A27D}.Debug|x86.Build.0 = Debug|x86
		{7F289837-77A8-471C-9A42-F48F39B0A27D}.EasyTest|Any CPU.ActiveCfg = Debug|Any CPU
		{7F289837-77A8-471C-9A42-F48F39B0A27D}.EasyTest|Any CPU.Build.0 = Debug|Any CPU
		{7F289837-77A8-471C-9A42-F48F39B0A27D}.EasyTest|Mixed Platforms.ActiveCfg = Release|Any CPU
		{7F289837-77A8-471C-9A42-F48F39B0A27D}.EasyTest|Mixed Platforms.Build.0 = Release|Any CPU
		{7F289837-77A8-471C-9A42-F48F39B0A27D}.EasyTest|x86.ActiveCfg = Release|Any CPU
		{7F289837-77A8-471C-9A42-F48F39B0A27D}.Release|Any CPU.ActiveCfg = Release|Any CPU
		{7F289837-77A8-471C-9A42-F48F39B0A27D}.Release|Any CPU.Build.0 = Release|Any CPU
		{7F289837-77A8-471C-9A42-F48F39B0A27D}.Release|Mixed Platforms.ActiveCfg = Release|Any CPU
		{7F289837-77A8-471C-9A42-F48F39B0A27D}.Release|Mixed Platforms.Build.0 = Release|Any CPU
		{7F289837-77A8-471C-9A42-F48F39B0A27D}.Release|x86.ActiveCfg = Release|Any CPU
		{1CE44561-0989-454F-B5CA-847E2EEFDE7C}.Debug|Any CPU.ActiveCfg = Debug|Any CPU
		{1CE44561-0989-454F-B5CA-847E2EEFDE7C}.Debug|Any CPU.Build.0 = Debug|Any CPU
		{1CE44561-0989-454F-B5CA-847E2EEFDE7C}.Debug|Mixed Platforms.ActiveCfg = Debug|Any CPU
		{1CE44561-0989-454F-B5CA-847E2EEFDE7C}.Debug|Mixed Platforms.Build.0 = Debug|Any CPU
		{1CE44561-0989-454F-B5CA-847E2EEFDE7C}.Debug|x86.ActiveCfg = Debug|x86
		{1CE44561-0989-454F-B5CA-847E2EEFDE7C}.Debug|x86.Build.0 = Debug|x86
		{1CE44561-0989-454F-B5CA-847E2EEFDE7C}.EasyTest|Any CPU.ActiveCfg = Debug|Any CPU
		{1CE44561-0989-454F-B5CA-847E2EEFDE7C}.EasyTest|Any CPU.Build.0 = Debug|Any CPU
		{1CE44561-0989-454F-B5CA-847E2EEFDE7C}.EasyTest|Mixed Platforms.ActiveCfg = Release|Any CPU
		{1CE44561-0989-454F-B5CA-847E2EEFDE7C}.EasyTest|Mixed Platforms.Build.0 = Release|Any CPU
		{1CE44561-0989-454F-B5CA-847E2EEFDE7C}.EasyTest|x86.ActiveCfg = Release|Any CPU
		{1CE44561-0989-454F-B5CA-847E2EEFDE7C}.Release|Any CPU.ActiveCfg = Release|Any CPU
		{1CE44561-0989-454F-B5CA-847E2EEFDE7C}.Release|Any CPU.Build.0 = Release|Any CPU
		{1CE44561-0989-454F-B5CA-847E2EEFDE7C}.Release|Mixed Platforms.ActiveCfg = Release|Any CPU
		{1CE44561-0989-454F-B5CA-847E2EEFDE7C}.Release|Mixed Platforms.Build.0 = Release|Any CPU
		{1CE44561-0989-454F-B5CA-847E2EEFDE7C}.Release|x86.ActiveCfg = Release|Any CPU
		{96B07E0F-DCF1-41F7-BBA4-6C8D959E1F8A}.Debug|Any CPU.ActiveCfg = Debug|Any CPU
		{96B07E0F-DCF1-41F7-BBA4-6C8D959E1F8A}.Debug|Any CPU.Build.0 = Debug|Any CPU
		{96B07E0F-DCF1-41F7-BBA4-6C8D959E1F8A}.Debug|Mixed Platforms.ActiveCfg = Debug|Any CPU
		{96B07E0F-DCF1-41F7-BBA4-6C8D959E1F8A}.Debug|Mixed Platforms.Build.0 = Debug|Any CPU
		{96B07E0F-DCF1-41F7-BBA4-6C8D959E1F8A}.Debug|x86.ActiveCfg = Debug|x86
		{96B07E0F-DCF1-41F7-BBA4-6C8D959E1F8A}.Debug|x86.Build.0 = Debug|x86
		{96B07E0F-DCF1-41F7-BBA4-6C8D959E1F8A}.EasyTest|Any CPU.ActiveCfg = Debug|Any CPU
		{96B07E0F-DCF1-41F7-BBA4-6C8D959E1F8A}.EasyTest|Any CPU.Build.0 = Debug|Any CPU
		{96B07E0F-DCF1-41F7-BBA4-6C8D959E1F8A}.EasyTest|Mixed Platforms.ActiveCfg = Release|Any CPU
		{96B07E0F-DCF1-41F7-BBA4-6C8D959E1F8A}.EasyTest|Mixed Platforms.Build.0 = Release|Any CPU
		{96B07E0F-DCF1-41F7-BBA4-6C8D959E1F8A}.EasyTest|x86.ActiveCfg = Release|Any CPU
		{96B07E0F-DCF1-41F7-BBA4-6C8D959E1F8A}.Release|Any CPU.ActiveCfg = Release|Any CPU
		{96B07E0F-DCF1-41F7-BBA4-6C8D959E1F8A}.Release|Any CPU.Build.0 = Release|Any CPU
		{96B07E0F-DCF1-41F7-BBA4-6C8D959E1F8A}.Release|Mixed Platforms.ActiveCfg = Release|Any CPU
		{96B07E0F-DCF1-41F7-BBA4-6C8D959E1F8A}.Release|Mixed Platforms.Build.0 = Release|Any CPU
		{96B07E0F-DCF1-41F7-BBA4-6C8D959E1F8A}.Release|x86.ActiveCfg = Release|Any CPU
		{B5C18C13-85C7-4749-9F2D-EF92D3692AD3}.Debug|Any CPU.ActiveCfg = Debug|Any CPU
		{B5C18C13-85C7-4749-9F2D-EF92D3692AD3}.Debug|Any CPU.Build.0 = Debug|Any CPU
		{B5C18C13-85C7-4749-9F2D-EF92D3692AD3}.Debug|Mixed Platforms.ActiveCfg = Debug|Any CPU
		{B5C18C13-85C7-4749-9F2D-EF92D3692AD3}.Debug|Mixed Platforms.Build.0 = Debug|Any CPU
		{B5C18C13-85C7-4749-9F2D-EF92D3692AD3}.Debug|x86.ActiveCfg = Debug|x86
		{B5C18C13-85C7-4749-9F2D-EF92D3692AD3}.Debug|x86.Build.0 = Debug|x86
		{B5C18C13-85C7-4749-9F2D-EF92D3692AD3}.EasyTest|Any CPU.ActiveCfg = Debug|Any CPU
		{B5C18C13-85C7-4749-9F2D-EF92D3692AD3}.EasyTest|Any CPU.Build.0 = Debug|Any CPU
		{B5C18C13-85C7-4749-9F2D-EF92D3692AD3}.EasyTest|Mixed Platforms.ActiveCfg = Release|Any CPU
		{B5C18C13-85C7-4749-9F2D-EF92D3692AD3}.EasyTest|Mixed Platforms.Build.0 = Release|Any CPU
		{B5C18C13-85C7-4749-9F2D-EF92D3692AD3}.EasyTest|x86.ActiveCfg = Release|Any CPU
		{B5C18C13-85C7-4749-9F2D-EF92D3692AD3}.Release|Any CPU.ActiveCfg = Release|Any CPU
		{B5C18C13-85C7-4749-9F2D-EF92D3692AD3}.Release|Any CPU.Build.0 = Release|Any CPU
		{B5C18C13-85C7-4749-9F2D-EF92D3692AD3}.Release|Mixed Platforms.ActiveCfg = Release|Any CPU
		{B5C18C13-85C7-4749-9F2D-EF92D3692AD3}.Release|Mixed Platforms.Build.0 = Release|Any CPU
		{B5C18C13-85C7-4749-9F2D-EF92D3692AD3}.Release|x86.ActiveCfg = Release|Any CPU
		{C36BDE28-0653-4082-93FB-016F739DD23C}.Debug|Any CPU.ActiveCfg = Debug|Any CPU
		{C36BDE28-0653-4082-93FB-016F739DD23C}.Debug|Any CPU.Build.0 = Debug|Any CPU
		{C36BDE28-0653-4082-93FB-016F739DD23C}.Debug|Mixed Platforms.ActiveCfg = Debug|Any CPU
		{C36BDE28-0653-4082-93FB-016F739DD23C}.Debug|Mixed Platforms.Build.0 = Debug|Any CPU
		{C36BDE28-0653-4082-93FB-016F739DD23C}.Debug|x86.ActiveCfg = Debug|x86
		{C36BDE28-0653-4082-93FB-016F739DD23C}.Debug|x86.Build.0 = Debug|x86
		{C36BDE28-0653-4082-93FB-016F739DD23C}.EasyTest|Any CPU.ActiveCfg = Debug|Any CPU
		{C36BDE28-0653-4082-93FB-016F739DD23C}.EasyTest|Any CPU.Build.0 = Debug|Any CPU
		{C36BDE28-0653-4082-93FB-016F739DD23C}.EasyTest|Mixed Platforms.ActiveCfg = Release|Any CPU
		{C36BDE28-0653-4082-93FB-016F739DD23C}.EasyTest|Mixed Platforms.Build.0 = Release|Any CPU
		{C36BDE28-0653-4082-93FB-016F739DD23C}.EasyTest|x86.ActiveCfg = Release|Any CPU
		{C36BDE28-0653-4082-93FB-016F739DD23C}.Release|Any CPU.ActiveCfg = Release|Any CPU
		{C36BDE28-0653-4082-93FB-016F739DD23C}.Release|Any CPU.Build.0 = Release|Any CPU
		{C36BDE28-0653-4082-93FB-016F739DD23C}.Release|Mixed Platforms.ActiveCfg = Release|Any CPU
		{C36BDE28-0653-4082-93FB-016F739DD23C}.Release|Mixed Platforms.Build.0 = Release|Any CPU
		{C36BDE28-0653-4082-93FB-016F739DD23C}.Release|x86.ActiveCfg = Release|Any CPU
		{4990AC44-3204-4C5A-A297-9AE0390E6EF8}.Debug|Any CPU.ActiveCfg = Debug|Any CPU
		{4990AC44-3204-4C5A-A297-9AE0390E6EF8}.Debug|Any CPU.Build.0 = Debug|Any CPU
		{4990AC44-3204-4C5A-A297-9AE0390E6EF8}.Debug|Mixed Platforms.ActiveCfg = Debug|Any CPU
		{4990AC44-3204-4C5A-A297-9AE0390E6EF8}.Debug|Mixed Platforms.Build.0 = Debug|Any CPU
		{4990AC44-3204-4C5A-A297-9AE0390E6EF8}.Debug|x86.ActiveCfg = Debug|Any CPU
		{4990AC44-3204-4C5A-A297-9AE0390E6EF8}.EasyTest|Any CPU.ActiveCfg = Debug|Any CPU
		{4990AC44-3204-4C5A-A297-9AE0390E6EF8}.EasyTest|Any CPU.Build.0 = Debug|Any CPU
		{4990AC44-3204-4C5A-A297-9AE0390E6EF8}.EasyTest|Mixed Platforms.ActiveCfg = Release|Any CPU
		{4990AC44-3204-4C5A-A297-9AE0390E6EF8}.EasyTest|Mixed Platforms.Build.0 = Release|Any CPU
		{4990AC44-3204-4C5A-A297-9AE0390E6EF8}.EasyTest|x86.ActiveCfg = Release|Any CPU
		{4990AC44-3204-4C5A-A297-9AE0390E6EF8}.Release|Any CPU.ActiveCfg = Release|Any CPU
		{4990AC44-3204-4C5A-A297-9AE0390E6EF8}.Release|Any CPU.Build.0 = Release|Any CPU
		{4990AC44-3204-4C5A-A297-9AE0390E6EF8}.Release|Mixed Platforms.ActiveCfg = Release|Any CPU
		{4990AC44-3204-4C5A-A297-9AE0390E6EF8}.Release|Mixed Platforms.Build.0 = Release|Any CPU
		{4990AC44-3204-4C5A-A297-9AE0390E6EF8}.Release|x86.ActiveCfg = Release|Any CPU
	EndGlobalSection
	GlobalSection(SolutionProperties) = preSolution
		HideSolutionNode = FALSE
	EndGlobalSection
EndGlobal
